{
  "name": "phaseflow-nano",
  "version": "1.0.0",
  "lockfileVersion": 3,
  "requires": true,
  "packages": {
    "": {
      "name": "phaseflow-nano",
      "version": "1.0.0",
      "license": "MIT",
      "dependencies": {
        "model-inheritance": "file:.opencode/plugins/model-inheritance"
      }
    },
    ".opencode/plugins/model-inheritance": {
      "version": "1.0.0",
      "license": "MIT"
    },
    "node_modules/model-inheritance": {
      "resolved": ".opencode/plugins/model-inheritance",
      "link": true
    }
  }
}
